
Microsoft Visual Studio Solution File, Format Version 12.00
# Visual Studio Version 16
VisualStudioVersion = 16.0.28917.181
MinimumVisualStudioVersion = 10.0.40219.1
Project("{9A19103F-16F7-4668-BE54-9A1E7A4F7556}") = "ShoppingList.Web", "Sources\ShoppingList.Web\ShoppingList.Web.csproj", "{1C37290D-3719-424F-947C-A8B6FD5BE624}"
EndProject
Project("{9A19103F-16F7-4668-BE54-9A1E7A4F7556}") = "ShoppingList.Abstractions", "Sources\ShoppingList.Abstractions\ShoppingList.Abstractions.csproj", "{046D1F30-CD7A-4078-8FB3-48B206509B2D}"
EndProject
Project("{9A19103F-16F7-4668-BE54-9A1E7A4F7556}") = "ShoppingList.Dal.MogoDb", "Sources\ShoppingList.Dal.MogoDb\ShoppingList.Dal.MogoDb.csproj", "{A3528532-308F-4A18-8AB6-A2C74B2231E4}"
EndProject
Global
	GlobalSection(SolutionConfigurationPlatforms) = preSolution
		Debug|Any CPU = Debug|Any CPU
		Release|Any CPU = Release|Any CPU
	EndGlobalSection
	GlobalSection(ProjectConfigurationPlatforms) = postSolution
		{1C37290D-3719-424F-947C-A8B6FD5BE624}.Debug|Any CPU.ActiveCfg = Debug|Any CPU
		{1C37290D-3719-424F-947C-A8B6FD5BE624}.Debug|Any CPU.Build.0 = Debug|Any CPU
		{1C37290D-3719-424F-947C-A8B6FD5BE624}.Release|Any CPU.ActiveCfg = Release|Any CPU
		{1C37290D-3719-424F-947C-A8B6FD5BE624}.Release|Any CPU.Build.0 = Release|Any CPU
		{046D1F30-CD7A-4078-8FB3-48B206509B2D}.Debug|Any CPU.ActiveCfg = Debug|Any CPU
		{046D1F30-CD7A-4078-8FB3-48B206509B2D}.Debug|Any CPU.Build.0 = Debug|Any CPU
		{046D1F30-CD7A-4078-8FB3-48B206509B2D}.Release|Any CPU.ActiveCfg = Release|Any CPU
		{046D1F30-CD7A-4078-8FB3-48B206509B2D}.Release|Any CPU.Build.0 = Release|Any CPU
		{A3528532-308F-4A18-8AB6-A2C74B2231E4}.Debug|Any CPU.ActiveCfg = Debug|Any CPU
		{A3528532-308F-4A18-8AB6-A2C74B2231E4}.Debug|Any CPU.Build.0 = Debug|Any CPU
		{A3528532-308F-4A18-8AB6-A2C74B2231E4}.Release|Any CPU.ActiveCfg = Release|Any CPU
		{A3528532-308F-4A18-8AB6-A2C74B2231E4}.Release|Any CPU.Build.0 = Release|Any CPU
	EndGlobalSection
	GlobalSection(SolutionProperties) = preSolution
		HideSolutionNode = FALSE
	EndGlobalSection
	GlobalSection(ExtensibilityGlobals) = postSolution
		SolutionGuid = {30492F6A-2026-4081-8459-13593F7D9C45}
	EndGlobalSection
EndGlobal
